
Microsoft Visual Studio Solution File, Format Version 12.00
# Visual Studio for Mac
Project("{FAE04EC0-301F-11D3-BF4B-00C04F79EFBC}") = "Assembly-CSharp", "Assembly-CSharp.csproj", "{F88009CE-799C-84D0-681B-0BB5D2ACDA41}"
EndProject
Project("{FAE04EC0-301F-11D3-BF4B-00C04F79EFBC}") = "Assembly-CSharp-Editor", "Assembly-CSharp-Editor.csproj", "{B139BFA4-1CC5-4A06-3898-68E9768CBE78}"
EndProject
Global
	GlobalSection(SolutionConfigurationPlatforms) = preSolution
		Debug|Any CPU = Debug|Any CPU
		Release|Any CPU = Release|Any CPU
	EndGlobalSection
	GlobalSection(ProjectConfigurationPlatforms) = postSolution
		{F88009CE-799C-84D0-681B-0BB5D2ACDA41}.Debug|Any CPU.ActiveCfg = Debug|Any CPU
		{F88009CE-799C-84D0-681B-0BB5D2ACDA41}.Debug|Any CPU.Build.0 = Debug|Any CPU
		{F88009CE-799C-84D0-681B-0BB5D2ACDA41}.Release|Any CPU.ActiveCfg = Release|Any CPU
		{F88009CE-799C-84D0-681B-0BB5D2ACDA41}.Release|Any CPU.Build.0 = Release|Any CPU
		{B139BFA4-1CC5-4A06-3898-68E9768CBE78}.Debug|Any CPU.ActiveCfg = Debug|Any CPU
		{B139BFA4-1CC5-4A06-3898-68E9768CBE78}.Debug|Any CPU.Build.0 = Debug|Any CPU
		{B139BFA4-1CC5-4A06-3898-68E9768CBE78}.Release|Any CPU.ActiveCfg = Release|Any CPU
		{B139BFA4-1CC5-4A06-3898-68E9768CBE78}.Release|Any CPU.Build.0 = Release|Any CPU
	EndGlobalSection
	GlobalSection(SolutionProperties) = preSolution
		HideSolutionNode = FALSE
	EndGlobalSection
	GlobalSection(MonoDevelopProperties) = preSolution
		StartupItem = Assembly-CSharp.csproj
	EndGlobalSection
EndGlobal
